
Microsoft Visual Studio Solution File, Format Version 12.00
# Visual Studio 14
VisualStudioVersion = 14.0.25420.1
MinimumVisualStudioVersion = 10.0.40219.1
Project("{FAE04EC0-301F-11D3-BF4B-00C04F79EFBC}") = "BlogSystem", "BlogSystem\BlogSystem.csproj", "{CB589FCA-95AF-4522-B899-A7C759902BBB}"
EndProject
Project("{FAE04EC0-301F-11D3-BF4B-00C04F79EFBC}") = "BlogSystem.Models", "BlogSystem.Models\BlogSystem.Models.csproj", "{84406DDA-148A-4CBF-B19C-DBC749C48239}"
EndProject
Project("{FAE04EC0-301F-11D3-BF4B-00C04F79EFBC}") = "BlogSystem.Data", "BlogSystem.Data\BlogSystem.Data.csproj", "{8C1DD02E-5DBB-48D5-ACD5-7D00AB8FA40A}"
EndProject
Project("{FAE04EC0-301F-11D3-BF4B-00C04F79EFBC}") = "BlogSystem.Common", "BlogSystem.Common\BlogSystem.Common.csproj", "{F849345D-9C97-4B9C-ADFC-5CB07E64E27A}"
EndProject
Project("{FAE04EC0-301F-11D3-BF4B-00C04F79EFBC}") = "BlogSystem.Services", "BlogSystem.Services\BlogSystem.Services.csproj", "{8498545E-ED61-4473-91C6-326DD8761EF4}"
EndProject
Global
	GlobalSection(SolutionConfigurationPlatforms) = preSolution
		Debug|Any CPU = Debug|Any CPU
		Release|Any CPU = Release|Any CPU
	EndGlobalSection
	GlobalSection(ProjectConfigurationPlatforms) = postSolution
		{CB589FCA-95AF-4522-B899-A7C759902BBB}.Debug|Any CPU.ActiveCfg = Debug|Any CPU
		{CB589FCA-95AF-4522-B899-A7C759902BBB}.Debug|Any CPU.Build.0 = Debug|Any CPU
		{CB589FCA-95AF-4522-B899-A7C759902BBB}.Release|Any CPU.ActiveCfg = Release|Any CPU
		{CB589FCA-95AF-4522-B899-A7C759902BBB}.Release|Any CPU.Build.0 = Release|Any CPU
		{84406DDA-148A-4CBF-B19C-DBC749C48239}.Debug|Any CPU.ActiveCfg = Debug|Any CPU
		{84406DDA-148A-4CBF-B19C-DBC749C48239}.Debug|Any CPU.Build.0 = Debug|Any CPU
		{84406DDA-148A-4CBF-B19C-DBC749C48239}.Release|Any CPU.ActiveCfg = Release|Any CPU
		{84406DDA-148A-4CBF-B19C-DBC749C48239}.Release|Any CPU.Build.0 = Release|Any CPU
		{8C1DD02E-5DBB-48D5-ACD5-7D00AB8FA40A}.Debug|Any CPU.ActiveCfg = Debug|Any CPU
		{8C1DD02E-5DBB-48D5-ACD5-7D00AB8FA40A}.Debug|Any CPU.Build.0 = Debug|Any CPU
		{8C1DD02E-5DBB-48D5-ACD5-7D00AB8FA40A}.Release|Any CPU.ActiveCfg = Release|Any CPU
		{8C1DD02E-5DBB-48D5-ACD5-7D00AB8FA40A}.Release|Any CPU.Build.0 = Release|Any CPU
		{F849345D-9C97-4B9C-ADFC-5CB07E64E27A}.Debug|Any CPU.ActiveCfg = Debug|Any CPU
		{F849345D-9C97-4B9C-ADFC-5CB07E64E27A}.Debug|Any CPU.Build.0 = Debug|Any CPU
		{F849345D-9C97-4B9C-ADFC-5CB07E64E27A}.Release|Any CPU.ActiveCfg = Release|Any CPU
		{F849345D-9C97-4B9C-ADFC-5CB07E64E27A}.Release|Any CPU.Build.0 = Release|Any CPU
		{8498545E-ED61-4473-91C6-326DD8761EF4}.Debug|Any CPU.ActiveCfg = Debug|Any CPU
		{8498545E-ED61-4473-91C6-326DD8761EF4}.Debug|Any CPU.Build.0 = Debug|Any CPU
		{8498545E-ED61-4473-91C6-326DD8761EF4}.Release|Any CPU.ActiveCfg = Release|Any CPU
		{8498545E-ED61-4473-91C6-326DD8761EF4}.Release|Any CPU.Build.0 = Release|Any CPU
	EndGlobalSection
	GlobalSection(SolutionProperties) = preSolution
		HideSolutionNode = FALSE
	EndGlobalSection
EndGlobal
